
Microsoft Visual Studio Solution File, Format Version 12.00
# Visual Studio 2012
Project("{FAE04EC0-301F-11D3-BF4B-00C04F79EFBC}") = "CodeGeneratorUI", "CodeGeneratorUI\CodeGeneratorUI.csproj", "{C0296204-9C93-4FB4-B9C7-2553AB16D380}"
EndProject
Project("{FAE04EC0-301F-11D3-BF4B-00C04F79EFBC}") = "CodeGenerator", "CodeGenerator\CodeGenerator.csproj", "{52AAAC85-BAEB-47CA-BF5E-F4267A11B5C5}"
EndProject
Global
	GlobalSection(SolutionConfigurationPlatforms) = preSolution
		Debug|Any CPU = Debug|Any CPU
		Release|Any CPU = Release|Any CPU
	EndGlobalSection
	GlobalSection(ProjectConfigurationPlatforms) = postSolution
		{C0296204-9C93-4FB4-B9C7-2553AB16D380}.Debug|Any CPU.ActiveCfg = Debug|Any CPU
		{C0296204-9C93-4FB4-B9C7-2553AB16D380}.Debug|Any CPU.Build.0 = Debug|Any CPU
		{C0296204-9C93-4FB4-B9C7-2553AB16D380}.Release|Any CPU.ActiveCfg = Release|Any CPU
		{C0296204-9C93-4FB4-B9C7-2553AB16D380}.Release|Any CPU.Build.0 = Release|Any CPU
		{52AAAC85-BAEB-47CA-BF5E-F4267A11B5C5}.Debug|Any CPU.ActiveCfg = Debug|Any CPU
		{52AAAC85-BAEB-47CA-BF5E-F4267A11B5C5}.Debug|Any CPU.Build.0 = Debug|Any CPU
		{52AAAC85-BAEB-47CA-BF5E-F4267A11B5C5}.Release|Any CPU.ActiveCfg = Release|Any CPU
		{52AAAC85-BAEB-47CA-BF5E-F4267A11B5C5}.Release|Any CPU.Build.0 = Release|Any CPU
	EndGlobalSection
	GlobalSection(SolutionProperties) = preSolution
		HideSolutionNode = FALSE
	EndGlobalSection
EndGlobal
